{
  "requires": true,
  "lockfileVersion": 1,
  "dependencies": {
    "@agm/core": {
      "version": "1.0.0-beta.5",
      "resolved": "https://registry.npmjs.org/@agm/core/-/core-1.0.0-beta.5.tgz",
      "integrity": "sha512-LVENJqtBZEWpX+uJkGI0zgg+Xkm2KkktQm4ojZozArbeNvQkVL6pqVc04Mme6vvOzwJpD1cET5w4byC8Xaq1QQ=="
    }
  }
}
